
Microsoft Visual Studio Solution File, Format Version 12.00
# Visual Studio Version 17
VisualStudioVersion = 17.5.002.0
MinimumVisualStudioVersion = 10.0.40219.1
Project("{9A19103F-16F7-4668-BE54-9A1E7A4F7556}") = "Library", "Library\Library.csproj", "{7BC1F087-757C-423E-B1BB-F10D47AA0868}"
EndProject
Project("{9A19103F-16F7-4668-BE54-9A1E7A4F7556}") = "Program", "Program\Program.csproj", "{A6C55BE5-2D84-4D90-B847-86A5568B00D1}"
EndProject
Global
	GlobalSection(SolutionConfigurationPlatforms) = preSolution
		Debug|Any CPU = Debug|Any CPU
		Release|Any CPU = Release|Any CPU
	EndGlobalSection
	GlobalSection(ProjectConfigurationPlatforms) = postSolution
		{7BC1F087-757C-423E-B1BB-F10D47AA0868}.Debug|Any CPU.ActiveCfg = Debug|Any CPU
		{7BC1F087-757C-423E-B1BB-F10D47AA0868}.Debug|Any CPU.Build.0 = Debug|Any CPU
		{7BC1F087-757C-423E-B1BB-F10D47AA0868}.Release|Any CPU.ActiveCfg = Release|Any CPU
		{7BC1F087-757C-423E-B1BB-F10D47AA0868}.Release|Any CPU.Build.0 = Release|Any CPU
		{A6C55BE5-2D84-4D90-B847-86A5568B00D1}.Debug|Any CPU.ActiveCfg = Debug|Any CPU
		{A6C55BE5-2D84-4D90-B847-86A5568B00D1}.Debug|Any CPU.Build.0 = Debug|Any CPU
		{A6C55BE5-2D84-4D90-B847-86A5568B00D1}.Release|Any CPU.ActiveCfg = Release|Any CPU
		{A6C55BE5-2D84-4D90-B847-86A5568B00D1}.Release|Any CPU.Build.0 = Release|Any CPU
	EndGlobalSection
	GlobalSection(SolutionProperties) = preSolution
		HideSolutionNode = FALSE
	EndGlobalSection
	GlobalSection(ExtensibilityGlobals) = postSolution
		SolutionGuid = {0CF877C7-87DD-488F-A48A-C9502674DD7F}
	EndGlobalSection
EndGlobal
